PODS:
  - Alamofire (4.8.1)
  - AlamofireNetworkActivityLogger (2.3.0):
    - Alamofire (~> 4.6)
  - CocoaLumberjack/Core (3.5.1)
  - CocoaLumberjack/Swift (3.5.1):
    - CocoaLumberjack/Core
  - CodableAlamofire (1.1.0):
    - Alamofire (~> 4.0)
  - Nuke (7.5.2)
  - ReachabilitySwift (4.3.0)
  - UIColor_Hex_Swift (4.2.0)

DEPENDENCIES:
  - AlamofireNetworkActivityLogger
  - CocoaLumberjack/Swift
  - CodableAlamofire
  - Nuke
  - ReachabilitySwift
  - UIColor_Hex_Swift (~> 4.2.0)

SPEC REPOS:
  https://github.com/cocoapods/specs.git:
    - Alamofire
    - AlamofireNetworkActivityLogger
    - CocoaLumberjack
    - CodableAlamofire
    - Nuke
    - ReachabilitySwift
    - UIColor_Hex_Swift

SPEC CHECKSUMS:
  Alamofire: 16ce2c353fb72865124ddae8a57c5942388f4f11
  AlamofireNetworkActivityLogger: 6f3076652ab7fa6c819b59be08ea038d339e36d8
  CocoaLumberjack: 2101f8a5508197a305e737d16c5c2e9e2157628c
  CodableAlamofire: e2d2edcec7cf413f7862c30c8fa98eded27a83f9
  Nuke: 0350d346a688426e8f2331253ef28dc2fc4f6178
  ReachabilitySwift: 408477d1b6ed9779dba301953171e017c31241f3
  UIColor_Hex_Swift: bc07fc197421ee896b9ed6dcfa2054b7fbf75145

PODFILE CHECKSUM: adc6646d95deb24be35bb42e1698ab53a194bfdb

COCOAPODS: 1.6.1
